Microsoft Visual Studio Solution File, Format Version 12.00
# Visual Studio Version 16
VisualStudioVersion = 16.0.30517.126
MinimumVisualStudioVersion = 10.0.40219.1
Project("{9A19103F-16F7-4668-BE54-9A1E7A4F7556}") = "Assembly-UnityScript", "Assembly-UnityScript\Assembly-UnityScript.csproj", "{76636FD2-1418-4AFF-9A7D-11D0B5536994}"
EndProject
Project("{9A19103F-16F7-4668-BE54-9A1E7A4F7556}") = "P31RestKit", "P31RestKit\P31RestKit.csproj", "{929D9C9F-9A0D-49C9-A7DE-95565844718D}"
EndProject
Project("{9A19103F-16F7-4668-BE54-9A1E7A4F7556}") = "Assembly-CSharp-firstpass", "Assembly-CSharp-firstpass\Assembly-CSharp-firstpass.csproj", "{45771F3D-B93E-4792-8E7F-E6A78D084997}"
EndProject
Project("{9A19103F-16F7-4668-BE54-9A1E7A4F7556}") = "Assembly-CSharp", "Assembly-CSharp\Assembly-CSharp.csproj", "{D208657F-D1C3-47B1-B618-490EDD5ABD0E}"
EndProject
Global
	GlobalSection(SolutionConfigurationPlatforms) = preSolution
		Debug|AnyCPU = Debug|AnyCPU
		Release|AnyCPU = Release|AnyCPU
	EndGlobalSection
	GlobalSection(ProjectConfigurationPlatforms) = postSolution
		{76636FD2-1418-4AFF-9A7D-11D0B5536994}.Debug|AnyCPU.ActiveCfg = Debug|AnyCPU
		{76636FD2-1418-4AFF-9A7D-11D0B5536994}.Debug|AnyCPU.Build.0 = Debug|AnyCPU
		{76636FD2-1418-4AFF-9A7D-11D0B5536994}.Release|AnyCPU.ActiveCfg = Release|AnyCPU
		{76636FD2-1418-4AFF-9A7D-11D0B5536994}.Release|AnyCPU.Build.0 = Release|AnyCPU
		{929D9C9F-9A0D-49C9-A7DE-95565844718D}.Debug|AnyCPU.ActiveCfg = Debug|AnyCPU
		{929D9C9F-9A0D-49C9-A7DE-95565844718D}.Debug|AnyCPU.Build.0 = Debug|AnyCPU
		{929D9C9F-9A0D-49C9-A7DE-95565844718D}.Release|AnyCPU.ActiveCfg = Release|AnyCPU
		{929D9C9F-9A0D-49C9-A7DE-95565844718D}.Release|AnyCPU.Build.0 = Release|AnyCPU
		{45771F3D-B93E-4792-8E7F-E6A78D084997}.Debug|AnyCPU.ActiveCfg = Debug|AnyCPU
		{45771F3D-B93E-4792-8E7F-E6A78D084997}.Debug|AnyCPU.Build.0 = Debug|AnyCPU
		{45771F3D-B93E-4792-8E7F-E6A78D084997}.Release|AnyCPU.ActiveCfg = Release|AnyCPU
		{45771F3D-B93E-4792-8E7F-E6A78D084997}.Release|AnyCPU.Build.0 = Release|AnyCPU
		{D208657F-D1C3-47B1-B618-490EDD5ABD0E}.Debug|AnyCPU.ActiveCfg = Debug|AnyCPU
		{D208657F-D1C3-47B1-B618-490EDD5ABD0E}.Debug|AnyCPU.Build.0 = Debug|AnyCPU
		{D208657F-D1C3-47B1-B618-490EDD5ABD0E}.Release|AnyCPU.ActiveCfg = Release|AnyCPU
		{D208657F-D1C3-47B1-B618-490EDD5ABD0E}.Release|AnyCPU.Build.0 = Release|AnyCPU
	EndGlobalSection
	GlobalSection(SolutionProperties) = preSolution
		HideSolutionNode = FALSE
	EndGlobalSection
	GlobalSection(ExtensibilityGlobals) = postSolution
		SolutionGuid = {56665633-5FE8-4709-ABED-16553AB6329B}
	EndGlobalSection
EndGlobal
